
Microsoft Visual Studio Solution File, Format Version 12.00
# Visual Studio Version 17
VisualStudioVersion = 17.5.33424.131
MinimumVisualStudioVersion = 10.0.40219.1
Project("{FAE04EC0-301F-11D3-BF4B-00C04F79EFBC}") = "PrimaryWebApp", "PrimaryWebApp\PrimaryWebApp.csproj", "{6B97BEF3-BE26-43A0-B087-DC1399DB25A6}"
EndProject
Global
	GlobalSection(SolutionConfigurationPlatforms) = preSolution
		Debug|Any CPU = Debug|Any CPU
		Release|Any CPU = Release|Any CPU
	EndGlobalSection
	GlobalSection(ProjectConfigurationPlatforms) = postSolution
		{6B97BEF3-BE26-43A0-B087-DC1399DB25A6}.Debug|Any CPU.ActiveCfg = Debug|Any CPU
		{6B97BEF3-BE26-43A0-B087-DC1399DB25A6}.Debug|Any CPU.Build.0 = Debug|Any CPU
		{6B97BEF3-BE26-43A0-B087-DC1399DB25A6}.Release|Any CPU.ActiveCfg = Release|Any CPU
		{6B97BEF3-BE26-43A0-B087-DC1399DB25A6}.Release|Any CPU.Build.0 = Release|Any CPU
	EndGlobalSection
	GlobalSection(SolutionProperties) = preSolution
		HideSolutionNode = FALSE
	EndGlobalSection
	GlobalSection(ExtensibilityGlobals) = postSolution
		SolutionGuid = {A1668DB5-12B2-4FB5-A2BD-744E0B59C1DC}
	EndGlobalSection
EndGlobal
